
Microsoft Visual Studio Solution File, Format Version 12.00
# Visual Studio Version 16
VisualStudioVersion = 16.0.33130.400
MinimumVisualStudioVersion = 10.0.40219.1
Project("{FAE04EC0-301F-11D3-BF4B-00C04F79EFBC}") = "LinqDemo", "LinqDemo.csproj", "{6466C559-F4E6-41ED-B5C8-307C61E7CD5A}"
EndProject
Global
	GlobalSection(SolutionConfigurationPlatforms) = preSolution
		Debug|Any CPU = Debug|Any CPU
		Release|Any CPU = Release|Any CPU
	EndGlobalSection
	GlobalSection(ProjectConfigurationPlatforms) = postSolution
		{6466C559-F4E6-41ED-B5C8-307C61E7CD5A}.Debug|Any CPU.ActiveCfg = Debug|Any CPU
		{6466C559-F4E6-41ED-B5C8-307C61E7CD5A}.Debug|Any CPU.Build.0 = Debug|Any CPU
		{6466C559-F4E6-41ED-B5C8-307C61E7CD5A}.Release|Any CPU.ActiveCfg = Release|Any CPU
		{6466C559-F4E6-41ED-B5C8-307C61E7CD5A}.Release|Any CPU.Build.0 = Release|Any CPU
	EndGlobalSection
	GlobalSection(SolutionProperties) = preSolution
		HideSolutionNode = FALSE
	EndGlobalSection
	GlobalSection(ExtensibilityGlobals) = postSolution
		SolutionGuid = {2DAA5213-31B4-466B-91EF-87D52C681BBC}
	EndGlobalSection
EndGlobal
